
Microsoft Visual Studio Solution File, Format Version 12.00
# Visual Studio 15
VisualStudioVersion = 15.0.28010.2046
MinimumVisualStudioVersion = 10.0.40219.1
Project("{A0786B88-2ADB-4C21-ABE8-AA2D79766269}") = "site", "..\..\..\..\..\..\Users\rorm1\Desktop\githubdynomonde\dynomonde\site\site\site.phpproj", "{71A4C090-8601-433C-AF0A-BD1B88371293}"
EndProject
Global
	GlobalSection(SolutionConfigurationPlatforms) = preSolution
		Debug|Any CPU = Debug|Any CPU
		Release|Any CPU = Release|Any CPU
	EndGlobalSection
	GlobalSection(ProjectConfigurationPlatforms) = postSolution
		{71A4C090-8601-433C-AF0A-BD1B88371293}.Debug|Any CPU.ActiveCfg = Debug|Any CPU
		{71A4C090-8601-433C-AF0A-BD1B88371293}.Release|Any CPU.ActiveCfg = Release|Any CPU
	EndGlobalSection
	GlobalSection(SolutionProperties) = preSolution
		HideSolutionNode = FALSE
	EndGlobalSection
	GlobalSection(ExtensibilityGlobals) = postSolution
		SolutionGuid = {CEC04444-4631-4080-B734-CC7F9FA8353F}
	EndGlobalSection
EndGlobal
